%{
  "ace": {:hex, :ace, "0.18.10", "b471853b9da7acc1bd8df73749db832f99eef8555bab7d90de3854bda93b1dc8", [:mix], [{:hpack, "~> 0.2.3", [hex: :hpack_erl, repo: "hexpm", optional: false]}, {:raxx, "~> 0.17.0 or ~> 0.18.0 or ~> 1.0", [hex: :raxx, repo: "hexpm", optional: false]}], "hexpm"},
  "asciichart": {:hex, :asciichart, "1.0.0", "6ef5dbeab545cb7a0bdce7235958f129de6cd8ad193684dc0953c9a8b4c3db5b", [:mix], [], "hexpm"},
  "elixir_make": {:hex, :elixir_make, "0.6.0", "38349f3e29aff4864352084fc736fa7fa0f2995a819a737554f7ebd28b85aaab", [:mix], [], "hexpm"},
  "ex_termbox": {:hex, :ex_termbox, "1.0.0", "6f26a0cdc787c0685732649beee6973248504fc689776cf57a485422be8dac4b", [:make, :mix], [{:elixir_make, "~> 0.4", [hex: :elixir_make, repo: "hexpm", optional: false]}], "hexpm"},
  "hpack": {:hex, :hpack_erl, "0.2.3", "17670f83ff984ae6cd74b1c456edde906d27ff013740ee4d9efaa4f1bf999633", [:rebar3], [], "hexpm"},
  "jason": {:hex, :jason, "1.1.2", "b03dedea67a99223a2eaf9f1264ce37154564de899fd3d8b9a21b1a6fd64afe7", [:mix], [{:decimal, "~> 1.0", [hex: :decimal, repo: "hexpm", optional: true]}], "hexpm"},
  "logger_file_backend": {:hex, :logger_file_backend, "0.0.11", "3bbc5f31d3669e8d09d7a9443e86056fae7fc18e45c6f748c33b8c79a7e147a1", [:mix], [], "hexpm"},
  "mime": {:hex, :mime, "1.3.1", "30ce04ab3175b6ad0bdce0035cba77bba68b813d523d1aac73d9781b4d193cf8", [:mix], [], "hexpm"},
  "porcelain": {:hex, :porcelain, "2.0.3", "2d77b17d1f21fed875b8c5ecba72a01533db2013bd2e5e62c6d286c029150fdc", [:mix], [], "hexpm"},
  "ratatouille": {:hex, :ratatouille, "0.5.0", "e843c2dbc0293438865361c4e4fecf5bab702563e490d67dee85edcabf15ac1d", [:mix], [{:asciichart, "~> 1.0", [hex: :asciichart, repo: "hexpm", optional: false]}, {:ex_termbox, "~> 1.0", [hex: :ex_termbox, repo: "hexpm", optional: false]}], "hexpm"},
  "raxx": {:hex, :raxx, "1.1.0", "d6a03143a91f8092c0be1ec555075c76c8d680601236de706f020d17abcf8b16", [:mix], [], "hexpm"},
  "tesla": {:hex, :tesla, "1.2.1", "864783cc27f71dd8c8969163704752476cec0f3a51eb3b06393b3971dc9733ff", [:mix], [{:exjsx, ">= 3.0.0", [hex: :exjsx, repo: "hexpm", optional: true]}, {:fuse, "~> 2.4", [hex: :fuse, repo: "hexpm", optional: true]}, {:hackney, "~> 1.6", [hex: :hackney, repo: "hexpm", optional: true]}, {:ibrowse, "~> 4.4.0", [hex: :ibrowse, repo: "hexpm", optional: true]}, {:jason, ">= 1.0.0", [hex: :jason, repo: "hexpm", optional: true]}, {:mime, "~> 1.0", [hex: :mime, repo: "hexpm", optional: false]}, {:poison, ">= 1.0.0", [hex: :poison, repo: "hexpm", optional: true]}], "hexpm"},
}
